
Microsoft Visual Studio Solution File, Format Version 12.00
# Visual Studio Version 16
VisualStudioVersion = 16.0.31019.35
MinimumVisualStudioVersion = 10.0.40219.1
Project("{FAE04EC0-301F-11D3-BF4B-00C04F79EFBC}") = "PDF Reader", "PDF Reader.csproj", "{040ADB85-FC3D-48BE-AFA9-2954BF911C3F}"
EndProject
Global
	GlobalSection(SolutionConfigurationPlatforms) = preSolution
		Debug|Any CPU = Debug|Any CPU
		Release|Any CPU = Release|Any CPU
	EndGlobalSection
	GlobalSection(ProjectConfigurationPlatforms) = postSolution
		{040ADB85-FC3D-48BE-AFA9-2954BF911C3F}.Debug|Any CPU.ActiveCfg = Debug|Any CPU
		{040ADB85-FC3D-48BE-AFA9-2954BF911C3F}.Debug|Any CPU.Build.0 = Debug|Any CPU
		{040ADB85-FC3D-48BE-AFA9-2954BF911C3F}.Release|Any CPU.ActiveCfg = Release|Any CPU
		{040ADB85-FC3D-48BE-AFA9-2954BF911C3F}.Release|Any CPU.Build.0 = Release|Any CPU
	EndGlobalSection
	GlobalSection(SolutionProperties) = preSolution
		HideSolutionNode = FALSE
	EndGlobalSection
	GlobalSection(ExtensibilityGlobals) = postSolution
		SolutionGuid = {C5CA8BF3-8449-42EC-919D-0CEF4A855DE8}
	EndGlobalSection
EndGlobal
